// !$*UTF8*$!
{
	archiveVersion = 1;
	classes = {
	};
	objectVersion = 46;
	objects = {

/* Begin PBXBuildFile section */
		4C6CDA381B8AF70600F9583C /* AppDelegate.swift in Sources */ = {isa = PBXBuildFile; fileRef = 4C6CDA371B8AF70600F9583C /* AppDelegate.swift */; };
		4C6CDA3B1B8AF70600F9583C /* Prototype2.xcdatamodeld in Sources */ = {isa = PBXBuildFile; fileRef = 4C6CDA391B8AF70600F9583C /* Prototype2.xcdatamodeld */; };
		4C6CDA401B8AF70600F9583C /* Main.storyboard in Resources */ = {isa = PBXBuildFile; fileRef = 4C6CDA3E1B8AF70600F9583C /* Main.storyboard */; };
		4C6CDA421B8AF70600F9583C /* Images.xcassets in Resources */ = {isa = PBXBuildFile; fileRef = 4C6CDA411B8AF70600F9583C /* Images.xcassets */; };
		4C6CDA451B8AF70700F9583C /* LaunchScreen.xib in Resources */ = {isa = PBXBuildFile; fileRef = 4C6CDA431B8AF70700F9583C /* LaunchScreen.xib */; };
		4C6CDA5B1B8AF90700F9583C /* Company.swift in Sources */ = {isa = PBXBuildFile; fileRef = 4C6CDA5A1B8AF90700F9583C /* Company.swift */; };
		4C6CDA5D1B8B01F000F9583C /* CompanyTableViewController.swift in Sources */ = {isa = PBXBuildFile; fileRef = 4C6CDA5C1B8B01F000F9583C /* CompanyTableViewController.swift */; };
		4C97FFB21B8CAA0000D42D1B /* NewCustomerTableViewController.swift in Sources */ = {isa = PBXBuildFile; fileRef = 4C97FFB11B8CAA0000D42D1B /* NewCustomerTableViewController.swift */; };
		4C97FFB41B8D330D00D42D1B /* Customer+CoreDataProperties.swift in Sources */ = {isa = PBXBuildFile; fileRef = 4C97FFB31B8D330D00D42D1B /* Customer+CoreDataProperties.swift */; };
		4C97FFB61B8D4F1C00D42D1B /* ViewCustomerTableViewController.swift in Sources */ = {isa = PBXBuildFile; fileRef = 4C97FFB51B8D4F1C00D42D1B /* ViewCustomerTableViewController.swift */; };
		4CBA67081B8C7C8100D79617 /* Customer.swift in Sources */ = {isa = PBXBuildFile; fileRef = 4CBA67061B8C7C8100D79617 /* Customer.swift */; };
		4CBA670A1B8C7EAA00D79617 /* CustomerTableViewController.swift in Sources */ = {isa = PBXBuildFile; fileRef = 4CBA67091B8C7EAA00D79617 /* CustomerTableViewController.swift */; };
/* End PBXBuildFile section */

/* Begin PBXContainerItemProxy section */
		4C6CDA4B1B8AF70700F9583C /* PBXContainerItemProxy */ = {
			isa = PBXContainerItemProxy;
			containerPortal = 4C6CDA2A1B8AF70600F9583C /* Project object */;
			proxyType = 1;
			remoteGlobalIDString = 4C6CDA311B8AF70600F9583C;
			remoteInfo = Prototype2;
		};
/* End PBXContainerItemProxy section */

/* Begin PBXFileReference section */
		4C6CDA321B8AF70600F9583C /* Prototype2.app */ = {isa = PBXFileReference; explicitFileType = wrapper.application; includeInIndex = 0; path = Prototype2.app; sourceTree = BUILT_PRODUCTS_DIR; };
		4C6CDA361B8AF70600F9583C /* Info.plist */ = {isa = PBXFileReference; lastKnownFileType = text.plist.xml; path = Info.plist; sourceTree = "<group>"; };
		4C6CDA371B8AF70600F9583C /* AppDelegate.swift */ = {isa = PBXFileReference; lastKnownFileType = sourcecode.swift; path = AppDelegate.swift; sourceTree = "<group>"; };
		4C6CDA3A1B8AF70600F9583C /* Prototype2.xcdatamodel */ = {isa = PBXFileReference; lastKnownFileType = wrapper.xcdatamodel; path = Prototype2.xcdatamodel; sourceTree = "<group>"; };
		4C6CDA3F1B8AF70600F9583C /* Base */ = {isa = PBXFileReference; lastKnownFileType = file.storyboard; name = Base; path = Base.lproj/Main.storyboard; sourceTree = "<group>"; };
		4C6CDA411B8AF70600F9583C /* Images.xcassets */ = {isa = PBXFileReference; lastKnownFileType = folder.assetcatalog; path = Images.xcassets; sourceTree = "<group>"; };
		4C6CDA441B8AF70700F9583C /* Base */ = {isa = PBXFileReference; lastKnownFileType = file.xib; name = Base; path = Base.lproj/LaunchScreen.xib; sourceTree = "<group>"; };
		4C6CDA4A1B8AF70700F9583C /* Prototype2Tests.xctest */ = {isa = PBXFileReference; explicitFileType = wrapper.cfbundle; includeInIndex = 0; path = Prototype2Tests.xctest; sourceTree = BUILT_PRODUCTS_DIR; };
		4C6CDA5A1B8AF90700F9583C /* Company.swift */ = {isa = PBXFileReference; fileEncoding = 4; lastKnownFileType = sourcecode.swift; path = Company.swift; sourceTree = "<group>"; };
		4C6CDA5C1B8B01F000F9583C /* CompanyTableViewController.swift */ = {isa = PBXFileReference; fileEncoding = 4; lastKnownFileType = sourcecode.swift; path = CompanyTableViewController.swift; sourceTree = "<group>"; };
		4C97FFB11B8CAA0000D42D1B /* NewCustomerTableViewController.swift */ = {isa = PBXFileReference; fileEncoding = 4; lastKnownFileType = sourcecode.swift; path = NewCustomerTableViewController.swift; sourceTree = "<group>"; };
		4C97FFB31B8D330D00D42D1B /* Customer+CoreDataProperties.swift */ = {isa = PBXFileReference; fileEncoding = 4; lastKnownFileType = sourcecode.swift; name = "Customer+CoreDataProperties.swift"; path = "../Customer+CoreDataProperties.swift"; sourceTree = "<group>"; };
		4C97FFB51B8D4F1C00D42D1B /* ViewCustomerTableViewController.swift */ = {isa = PBXFileReference; fileEncoding = 4; lastKnownFileType = sourcecode.swift; path = ViewCustomerTableViewController.swift; sourceTree = "<group>"; };
		4CBA67061B8C7C8100D79617 /* Customer.swift */ = {isa = PBXFileReference; fileEncoding = 4; lastKnownFileType = sourcecode.swift; name = Customer.swift; path = ../Customer.swift; sourceTree = "<group>"; };
		4CBA67091B8C7EAA00D79617 /* CustomerTableViewController.swift */ = {isa = PBXFileReference; fileEncoding = 4; lastKnownFileType = sourcecode.swift; path = CustomerTableViewController.swift; sourceTree = "<group>"; };
/* End PBXFileReference section */

/* Begin PBXFrameworksBuildPhase section */
		4C6CDA2F1B8AF70600F9583C /* Frameworks */ = {
			isa = PBXFrameworksBuildPhase;
			buildActionMask = 2147483647;
			files = (
			);
			runOnlyForDeploymentPostprocessing = 0;
		};
		4C6CDA471B8AF70700F9583C /* Frameworks */ = {
			isa = PBXFrameworksBuildPhase;
			buildActionMask = 2147483647;
			files = (
			);
			runOnlyForDeploymentPostprocessing = 0;
		};
/* End PBXFrameworksBuildPhase section */

/* Begin PBXGroup section */
		4C6CDA291B8AF70600F9583C = {
			isa = PBXGroup;
			children = (
				4C6CDA341B8AF70600F9583C /* Prototype2 */,
				4C6CDA331B8AF70600F9583C /* Products */,
			);
			sourceTree = "<group>";
		};
		4C6CDA331B8AF70600F9583C /* Products */ = {
			isa = PBXGroup;
			children = (
				4C6CDA321B8AF70600F9583C /* Prototype2.app */,
				4C6CDA4A1B8AF70700F9583C /* Prototype2Tests.xctest */,
			);
			name = Products;
			sourceTree = "<group>";
		};
		4C6CDA341B8AF70600F9583C /* Prototype2 */ = {
			isa = PBXGroup;
			children = (
				4C97FFB31B8D330D00D42D1B /* Customer+CoreDataProperties.swift */,
				4CBA67061B8C7C8100D79617 /* Customer.swift */,
				4C6CDA5A1B8AF90700F9583C /* Company.swift */,
				4C6CDA371B8AF70600F9583C /* AppDelegate.swift */,
				4C6CDA3E1B8AF70600F9583C /* Main.storyboard */,
				4C6CDA411B8AF70600F9583C /* Images.xcassets */,
				4C6CDA431B8AF70700F9583C /* LaunchScreen.xib */,
				4C6CDA391B8AF70600F9583C /* Prototype2.xcdatamodeld */,
				4C6CDA351B8AF70600F9583C /* Supporting Files */,
				4C6CDA5C1B8B01F000F9583C /* CompanyTableViewController.swift */,
				4CBA67091B8C7EAA00D79617 /* CustomerTableViewController.swift */,
				4C97FFB11B8CAA0000D42D1B /* NewCustomerTableViewController.swift */,
				4C97FFB51B8D4F1C00D42D1B /* ViewCustomerTableViewController.swift */,
			);
			path = Prototype2;
			sourceTree = "<group>";
		};
		4C6CDA351B8AF70600F9583C /* Supporting Files */ = {
			isa = PBXGroup;
			children = (
				4C6CDA361B8AF70600F9583C /* Info.plist */,
			);
			name = "Supporting Files";
			sourceTree = "<group>";
		};
/* End PBXGroup section */

/* Begin PBXNativeTarget section */
		4C6CDA311B8AF70600F9583C /* Prototype2 */ = {
			isa = PBXNativeTarget;
			buildConfigurationList = 4C6CDA541B8AF70700F9583C /* Build configuration list for PBXNativeTarget "Prototype2" */;
			buildPhases = (
				4C6CDA2E1B8AF70600F9583C /* Sources */,
				4C6CDA2F1B8AF70600F9583C /* Frameworks */,
				4C6CDA301B8AF70600F9583C /* Resources */,
			);
			buildRules = (
			);
			dependencies = (
			);
			name = Prototype2;
			productName = Prototype2;
			productReference = 4C6CDA321B8AF70600F9583C /* Prototype2.app */;
			productType = "com.apple.product-type.application";
		};
		4C6CDA491B8AF70700F9583C /* Prototype2Tests */ = {
			isa = PBXNativeTarget;
			buildConfigurationList = 4C6CDA571B8AF70700F9583C /* Build configuration list for PBXNativeTarget "Prototype2Tests" */;
			buildPhases = (
				4C6CDA461B8AF70700F9583C /* Sources */,
				4C6CDA471B8AF70700F9583C /* Frameworks */,
				4C6CDA481B8AF70700F9583C /* Resources */,
			);
			buildRules = (
			);
			dependencies = (
				4C6CDA4C1B8AF70700F9583C /* PBXTargetDependency */,
			);
			name = Prototype2Tests;
			productName = Prototype2Tests;
			productReference = 4C6CDA4A1B8AF70700F9583C /* Prototype2Tests.xctest */;
			productType = "com.apple.product-type.bundle.unit-test";
		};
/* End PBXNativeTarget section */

/* Begin PBXProject section */
		4C6CDA2A1B8AF70600F9583C /* Project object */ = {
			isa = PBXProject;
			attributes = {
				LastSwiftMigration = 0700;
				LastSwiftUpdateCheck = 0700;
				LastUpgradeCheck = 0700;
				ORGANIZATIONNAME = "Andrew Magdy";
				TargetAttributes = {
					4C6CDA311B8AF70600F9583C = {
						CreatedOnToolsVersion = 6.4;
						DevelopmentTeam = P57Y2H6B3C;
					};
					4C6CDA491B8AF70700F9583C = {
						CreatedOnToolsVersion = 6.4;
						TestTargetID = 4C6CDA311B8AF70600F9583C;
					};
				};
			};
			buildConfigurationList = 4C6CDA2D1B8AF70600F9583C /* Build configuration list for PBXProject "Prototype2" */;
			compatibilityVersion = "Xcode 3.2";
			developmentRegion = English;
			hasScannedForEncodings = 0;
			knownRegions = (
				en,
				Base,
			);
			mainGroup = 4C6CDA291B8AF70600F9583C;
			productRefGroup = 4C6CDA331B8AF70600F9583C /* Products */;
			projectDirPath = "";
			projectRoot = "";
			targets = (
				4C6CDA311B8AF70600F9583C /* Prototype2 */,
				4C6CDA491B8AF70700F9583C /* Prototype2Tests */,
			);
		};
/* End PBXProject section */

/* Begin PBXResourcesBuildPhase section */
		4C6CDA301B8AF70600F9583C /* Resources */ = {
			isa = PBXResourcesBuildPhase;
			buildActionMask = 2147483647;
			files = (
				4C6CDA401B8AF70600F9583C /* Main.storyboard in Resources */,
				4C6CDA451B8AF70700F9583C /* LaunchScreen.xib in Resources */,
				4C6CDA421B8AF70600F9583C /* Images.xcassets in Resources */,
			);
			runOnlyForDeploymentPostprocessing = 0;
		};
		4C6CDA481B8AF70700F9583C /* Resources */ = {
			isa = PBXResourcesBuildPhase;
			buildActionMask = 2147483647;
			files = (
			);
			runOnlyForDeploymentPostprocessing = 0;
		};
/* End PBXResourcesBuildPhase section */

/* Begin PBXSourcesBuildPhase section */
		4C6CDA2E1B8AF70600F9583C /* Sources */ = {
			isa = PBXSourcesBuildPhase;
			buildActionMask = 2147483647;
			files = (
				4C6CDA381B8AF70600F9583C /* AppDelegate.swift in Sources */,
				4C97FFB41B8D330D00D42D1B /* Customer+CoreDataProperties.swift in Sources */,
				4C97FFB21B8CAA0000D42D1B /* NewCustomerTableViewController.swift in Sources */,
				4CBA670A1B8C7EAA00D79617 /* CustomerTableViewController.swift in Sources */,
				4C6CDA3B1B8AF70600F9583C /* Prototype2.xcdatamodeld in Sources */,
				4CBA67081B8C7C8100D79617 /* Customer.swift in Sources */,
				4C6CDA5D1B8B01F000F9583C /* CompanyTableViewController.swift in Sources */,
				4C97FFB61B8D4F1C00D42D1B /* ViewCustomerTableViewController.swift in Sources */,
				4C6CDA5B1B8AF90700F9583C /* Company.swift in Sources */,
			);
			runOnlyForDeploymentPostprocessing = 0;
		};
		4C6CDA461B8AF70700F9583C /* Sources */ = {
			isa = PBXSourcesBuildPhase;
			buildActionMask = 2147483647;
			files = (
			);
			runOnlyForDeploymentPostprocessing = 0;
		};
/* End PBXSourcesBuildPhase section */

/* Begin PBXTargetDependency section */
		4C6CDA4C1B8AF70700F9583C /* PBXTargetDependency */ = {
			isa = PBXTargetDependency;
			target = 4C6CDA311B8AF70600F9583C /* Prototype2 */;
			targetProxy = 4C6CDA4B1B8AF70700F9583C /* PBXContainerItemProxy */;
		};
/* End PBXTargetDependency section */

/* Begin PBXVariantGroup section */
		4C6CDA3E1B8AF70600F9583C /* Main.storyboard */ = {
			isa = PBXVariantGroup;
			children = (
				4C6CDA3F1B8AF70600F9583C /* Base */,
			);
			name = Main.storyboard;
			sourceTree = "<group>";
		};
		4C6CDA431B8AF70700F9583C /* LaunchScreen.xib */ = {
			isa = PBXVariantGroup;
			children = (
				4C6CDA441B8AF70700F9583C /* Base */,
			);
			name = LaunchScreen.xib;
			sourceTree = "<group>";
		};
/* End PBXVariantGroup section */

/* Begin XCBuildConfiguration section */
		4C6CDA521B8AF70700F9583C /* Debug */ = {
			isa = XCBuildConfiguration;
			buildSettings = {
				ALWAYS_SEARCH_USER_PATHS = NO;
				CLANG_CXX_LANGUAGE_STANDARD = "gnu++0x";
				CLANG_CXX_LIBRARY = "libc++";
				CLANG_ENABLE_MODULES = YES;
				CLANG_ENABLE_OBJC_ARC = YES;
				CLANG_WARN_BOOL_CONVERSION = YES;
				CLANG_WARN_CONSTANT_CONVERSION = YES;
				CLANG_WARN_DIRECT_OBJC_ISA_USAGE = YES_ERROR;
				CLANG_WARN_EMPTY_BODY = YES;
				CLANG_WARN_ENUM_CONVERSION = YES;
				CLANG_WARN_INT_CONVERSION = YES;
				CLANG_WARN_OBJC_ROOT_CLASS = YES_ERROR;
				CLANG_WARN_UNREACHABLE_CODE = YES;
				CLANG_WARN__DUPLICATE_METHOD_MATCH = YES;
				"CODE_SIGN_IDENTITY[sdk=iphoneos*]" = "iPhone Developer";
				COPY_PHASE_STRIP = NO;
				DEBUG_INFORMATION_FORMAT = "dwarf-with-dsym";
				ENABLE_STRICT_OBJC_MSGSEND = YES;
				ENABLE_TESTABILITY = YES;
				GCC_C_LANGUAGE_STANDARD = gnu99;
				GCC_DYNAMIC_NO_PIC = NO;
				GCC_NO_COMMON_BLOCKS = YES;
				GCC_OPTIMIZATION_LEVEL = 0;
				GCC_PREPROCESSOR_DEFINITIONS = (
					"DEBUG=1",
					"$(inherited)",
				);
				GCC_SYMBOLS_PRIVATE_EXTERN = NO;
				GCC_WARN_64_TO_32_BIT_CONVERSION = YES;
				GCC_WARN_ABOUT_RETURN_TYPE = YES_ERROR;
				GCC_WARN_UNDECLARED_SELECTOR = YES;
				GCC_WARN_UNINITIALIZED_AUTOS = YES_AGGRESSIVE;
				GCC_WARN_UNUSED_FUNCTION = YES;
				GCC_WARN_UNUSED_VARIABLE = YES;
				IPHONEOS_DEPLOYMENT_TARGET = 8.4;
				MTL_ENABLE_DEBUG_INFO = YES;
				ONLY_ACTIVE_ARCH = YES;
				SDKROOT = iphoneos;
				SWIFT_OPTIMIZATION_LEVEL = "-Onone";
				TARGETED_DEVICE_FAMILY = "1,2";
			};
			name = Debug;
		};
		4C6CDA531B8AF70700F9583C /* Release */ = {
			isa = XCBuildConfiguration;
			buildSettings = {
				ALWAYS_SEARCH_USER_PATHS = NO;
				CLANG_CXX_LANGUAGE_STANDARD = "gnu++0x";
				CLANG_CXX_LIBRARY = "libc++";
				CLANG_ENABLE_MODULES = YES;
				CLANG_ENABLE_OBJC_ARC = YES;
				CLANG_WARN_BOOL_CONVERSION = YES;
				CLANG_WARN_CONSTANT_CONVERSION = YES;
				CLANG_WARN_DIRECT_OBJC_ISA_USAGE = YES_ERROR;
				CLANG_WARN_EMPTY_BODY = YES;
				CLANG_WARN_ENUM_CONVERSION = YES;
				CLANG_WARN_INT_CONVERSION = YES;
				CLANG_WARN_OBJC_ROOT_CLASS = YES_ERROR;
				CLANG_WARN_UNREACHABLE_CODE = YES;
				CLANG_WARN__DUPLICATE_METHOD_MATCH = YES;
				"CODE_SIGN_IDENTITY[sdk=iphoneos*]" = "iPhone Developer";
				COPY_PHASE_STRIP = NO;
				DEBUG_INFORMATION_FORMAT = "dwarf-with-dsym";
				ENABLE_NS_ASSERTIONS = NO;
				ENABLE_STRICT_OBJC_MSGSEND = YES;
				GCC_C_LANGUAGE_STANDARD = gnu99;
				GCC_NO_COMMON_BLOCKS = YES;
				GCC_WARN_64_TO_32_BIT_CONVERSION = YES;
				GCC_WARN_ABOUT_RETURN_TYPE = YES_ERROR;
				GCC_WARN_UNDECLARED_SELECTOR = YES;
				GCC_WARN_UNINITIALIZED_AUTOS = YES_AGGRESSIVE;
				GCC_WARN_UNUSED_FUNCTION = YES;
				GCC_WARN_UNUSED_VARIABLE = YES;
				IPHONEOS_DEPLOYMENT_TARGET = 8.4;
				MTL_ENABLE_DEBUG_INFO = NO;
				SDKROOT = iphoneos;
				TARGETED_DEVICE_FAMILY = "1,2";
				VALIDATE_PRODUCT = YES;
			};
			name = Release;
		};
		4C6CDA551B8AF70700F9583C /* Debug */ = {
			isa = XCBuildConfiguration;
			buildSettings = {
				ASSETCATALOG_COMPILER_APPICON_NAME = AppIcon;
				CODE_SIGN_IDENTITY = "iPhone Developer";
				"CODE_SIGN_IDENTITY[sdk=iphoneos*]" = "iPhone Developer";
				INFOPLIST_FILE = Prototype2/Info.plist;
				IPHONEOS_DEPLOYMENT_TARGET = 8.4;
				LD_RUNPATH_SEARCH_PATHS = "$(inherited) @executable_path/Frameworks";
				PRODUCT_BUNDLE_IDENTIFIER = "proto.$(PRODUCT_NAME:rfc1034identifier)";
				PRODUCT_NAME = "$(TARGET_NAME)";
				PROVISIONING_PROFILE = "";
			};
			name = Debug;
		};
		4C6CDA561B8AF70700F9583C /* Release */ = {
			isa = XCBuildConfiguration;
			buildSettings = {
				ASSETCATALOG_COMPILER_APPICON_NAME = AppIcon;
				CODE_SIGN_IDENTITY = "iPhone Developer";
				"CODE_SIGN_IDENTITY[sdk=iphoneos*]" = "iPhone Developer";
				INFOPLIST_FILE = Prototype2/Info.plist;
				IPHONEOS_DEPLOYMENT_TARGET = 8.4;
				LD_RUNPATH_SEARCH_PATHS = "$(inherited) @executable_path/Frameworks";
				PRODUCT_BUNDLE_IDENTIFIER = "proto.$(PRODUCT_NAME:rfc1034identifier)";
				PRODUCT_NAME = "$(TARGET_NAME)";
				PROVISIONING_PROFILE = "";
			};
			name = Release;
		};
		4C6CDA581B8AF70700F9583C /* Debug */ = {
			isa = XCBuildConfiguration;
			buildSettings = {
				BUNDLE_LOADER = "$(TEST_HOST)";
				FRAMEWORK_SEARCH_PATHS = (
					"$(SDKROOT)/Developer/Library/Frameworks",
					"$(inherited)",
				);
				GCC_PREPROCESSOR_DEFINITIONS = (
					"DEBUG=1",
					"$(inherited)",
				);
				INFOPLIST_FILE = Prototype2Tests/Info.plist;
				LD_RUNPATH_SEARCH_PATHS = "$(inherited) @executable_path/Frameworks @loader_path/Frameworks";
				PRODUCT_BUNDLE_IDENTIFIER = "proto.$(PRODUCT_NAME:rfc1034identifier)";
				PRODUCT_NAME = "$(TARGET_NAME)";
				TEST_HOST = "$(BUILT_PRODUCTS_DIR)/Prototype2.app/Prototype2";
			};
			name = Debug;
		};
		4C6CDA591B8AF70700F9583C /* Release */ = {
			isa = XCBuildConfiguration;
			buildSettings = {
				BUNDLE_LOADER = "$(TEST_HOST)";
				FRAMEWORK_SEARCH_PATHS = (
					"$(SDKROOT)/Developer/Library/Frameworks",
					"$(inherited)",
				);
				INFOPLIST_FILE = Prototype2Tests/Info.plist;
				LD_RUNPATH_SEARCH_PATHS = "$(inherited) @executable_path/Frameworks @loader_path/Frameworks";
				PRODUCT_BUNDLE_IDENTIFIER = "proto.$(PRODUCT_NAME:rfc1034identifier)";
				PRODUCT_NAME = "$(TARGET_NAME)";
				TEST_HOST = "$(BUILT_PRODUCTS_DIR)/Prototype2.app/Prototype2";
			};
			name = Release;
		};
/* End XCBuildConfiguration section */

/* Begin XCConfigurationList section */
		4C6CDA2D1B8AF70600F9583C /* Build configuration list for PBXProject "Prototype2" */ = {
			isa = XCConfigurationList;
			buildConfigurations = (
				4C6CDA521B8AF70700F9583C /* Debug */,
				4C6CDA531B8AF70700F9583C /* Release */,
			);
			defaultConfigurationIsVisible = 0;
			defaultConfigurationName = Release;
		};
		4C6CDA541B8AF70700F9583C /* Build configuration list for PBXNativeTarget "Prototype2" */ = {
			isa = XCConfigurationList;
			buildConfigurations = (
				4C6CDA551B8AF70700F9583C /* Debug */,
				4C6CDA561B8AF70700F9583C /* Release */,
			);
			defaultConfigurationIsVisible = 0;
			defaultConfigurationName = Release;
		};
		4C6CDA571B8AF70700F9583C /* Build configuration list for PBXNativeTarget "Prototype2Tests" */ = {
			isa = XCConfigurationList;
			buildConfigurations = (
				4C6CDA581B8AF70700F9583C /* Debug */,
				4C6CDA591B8AF70700F9583C /* Release */,
			);
			defaultConfigurationIsVisible = 0;
			defaultConfigurationName = Release;
		};
/* End XCConfigurationList section */

/* Begin XCVersionGroup section */
		4C6CDA391B8AF70600F9583C /* Prototype2.xcdatamodeld */ = {
			isa = XCVersionGroup;
			children = (
				4C6CDA3A1B8AF70600F9583C /* Prototype2.xcdatamodel */,
			);
			currentVersion = 4C6CDA3A1B8AF70600F9583C /* Prototype2.xcdatamodel */;
			path = Prototype2.xcdatamodeld;
			sourceTree = "<group>";
			versionGroupType = wrapper.xcdatamodel;
		};
/* End XCVersionGroup section */
	};
	rootObject = 4C6CDA2A1B8AF70600F9583C /* Project object */;
}
